
Microsoft Visual Studio Solution File, Format Version 12.00
# Visual Studio Version 17
VisualStudioVersion = 17.8.34511.84
MinimumVisualStudioVersion = 10.0.40219.1
Project("{8BC9CEB8-8B4A-11D0-8D11-00A0C91BC942}") = "Thang3c++", "Thang3c++\Thang3c++.vcxproj", "{2F3077E3-DDFB-4C2A-A90B-CA9917A9A51D}"
EndProject
Project("{8BC9CEB8-8B4A-11D0-8D11-00A0C91BC942}") = "Lan2", "Lan2\Lan2.vcxproj", "{DB69A1E1-E93B-4C45-B71B-7FBFE18EC56B}"
EndProject
Project("{8BC9CEB8-8B4A-11D0-8D11-00A0C91BC942}") = "Lan3", "Lan3\Lan3.vcxproj", "{E946697F-FA09-44A0-BE3A-796CB57B530D}"
EndProject
Project("{8BC9CEB8-8B4A-11D0-8D11-00A0C91BC942}") = "Lan4", "Lan4\Lan4.vcxproj", "{D7119E1B-4CE1-468E-9270-0063E004AA3A}"
EndProject
Project("{8BC9CEB8-8B4A-11D0-8D11-00A0C91BC942}") = "Lan5", "Lan5\Lan5.vcxproj", "{361D0A93-8FDA-4DED-8C1E-2AC16C5BC1C7}"
EndProject
Project("{8BC9CEB8-8B4A-11D0-8D11-00A0C91BC942}") = "Lan6", "Lan6\Lan6.vcxproj", "{08C97B3C-55FB-4567-A91A-033208049284}"
EndProject
Project("{8BC9CEB8-8B4A-11D0-8D11-00A0C91BC942}") = "lan7", "lan7\lan7.vcxproj", "{1C46478D-1B84-4063-8D04-D0ED33E749B3}"
EndProject
Project("{8BC9CEB8-8B4A-11D0-8D11-00A0C91BC942}") = "Lan8", "Lan8\Lan8.vcxproj", "{E99596BE-77FE-4B53-8E2E-801FA71D250A}"
EndProject
Project("{8BC9CEB8-8B4A-11D0-8D11-00A0C91BC942}") = "Lan9", "Lan9\Lan9.vcxproj", "{24120951-64B6-4789-9BC1-C94CEB3A9B5C}"
EndProject
Project("{8BC9CEB8-8B4A-11D0-8D11-00A0C91BC942}") = "Lan10", "Lan10\Lan10.vcxproj", "{7E71AB70-2980-4DB1-BB9C-E3AC0C40D719}"
EndProject
Project("{8BC9CEB8-8B4A-11D0-8D11-00A0C91BC942}") = "Lan11", "Lan11\Lan11.vcxproj", "{16DF6E6D-E150-4B71-8677-3D4C296595AA}"
EndProject
Project("{8BC9CEB8-8B4A-11D0-8D11-00A0C91BC942}") = "Lan12", "Lan12\Lan12.vcxproj", "{DF8DC0A6-C997-4E57-AEA7-0FECABE98837}"
EndProject
Project("{8BC9CEB8-8B4A-11D0-8D11-00A0C91BC942}") = "Lan13", "Lan13\Lan13.vcxproj", "{ED3521AB-5DFA-41AE-B080-8F82CBD09942}"
EndProject
Project("{8BC9CEB8-8B4A-11D0-8D11-00A0C91BC942}") = "Lan14", "Lan14\Lan14.vcxproj", "{6EF1764A-8C8B-47D4-880D-A4E4609591E2}"
EndProject
Project("{8BC9CEB8-8B4A-11D0-8D11-00A0C91BC942}") = "Lan15", "Lan15\Lan15.vcxproj", "{20B5C3CA-2DB5-4BA2-92F6-774CE47F42AF}"
EndProject
Project("{8BC9CEB8-8B4A-11D0-8D11-00A0C91BC942}") = "Lan16", "Lan16\Lan16.vcxproj", "{A68F5110-84A5-426C-B9AE-130C479A0C37}"
EndProject
Project("{8BC9CEB8-8B4A-11D0-8D11-00A0C91BC942}") = "Lan17", "Lan17\Lan17.vcxproj", "{7A57F462-BFF6-4677-80C4-3249FA37F1ED}"
EndProject
Project("{8BC9CEB8-8B4A-11D0-8D11-00A0C91BC942}") = "Lan18", "Lan18\Lan18.vcxproj", "{84AE2D8F-5C52-4F1A-8CC0-AB344B375195}"
EndProject
Project("{8BC9CEB8-8B4A-11D0-8D11-00A0C91BC942}") = "Lan19", "Lan19\Lan19.vcxproj", "{86AC0606-0E27-40CB-BF64-70CB67619C3C}"
EndProject
Global
	GlobalSection(SolutionConfigurationPlatforms) = preSolution
		Debug|x64 = Debug|x64
		Debug|x86 = Debug|x86
		Release|x64 = Release|x64
		Release|x86 = Release|x86
	EndGlobalSection
	GlobalSection(ProjectConfigurationPlatforms) = postSolution
		{2F3077E3-DDFB-4C2A-A90B-CA9917A9A51D}.Debug|x64.ActiveCfg = Debug|x64
		{2F3077E3-DDFB-4C2A-A90B-CA9917A9A51D}.Debug|x64.Build.0 = Debug|x64
		{2F3077E3-DDFB-4C2A-A90B-CA9917A9A51D}.Debug|x86.ActiveCfg = Debug|Win32
		{2F3077E3-DDFB-4C2A-A90B-CA9917A9A51D}.Debug|x86.Build.0 = Debug|Win32
		{2F3077E3-DDFB-4C2A-A90B-CA9917A9A51D}.Release|x64.ActiveCfg = Release|x64
		{2F3077E3-DDFB-4C2A-A90B-CA9917A9A51D}.Release|x64.Build.0 = Release|x64
		{2F3077E3-DDFB-4C2A-A90B-CA9917A9A51D}.Release|x86.ActiveCfg = Release|Win32
		{2F3077E3-DDFB-4C2A-A90B-CA9917A9A51D}.Release|x86.Build.0 = Release|Win32
		{DB69A1E1-E93B-4C45-B71B-7FBFE18EC56B}.Debug|x64.ActiveCfg = Debug|x64
		{DB69A1E1-E93B-4C45-B71B-7FBFE18EC56B}.Debug|x64.Build.0 = Debug|x64
		{DB69A1E1-E93B-4C45-B71B-7FBFE18EC56B}.Debug|x86.ActiveCfg = Debug|Win32
		{DB69A1E1-E93B-4C45-B71B-7FBFE18EC56B}.Debug|x86.Build.0 = Debug|Win32
		{DB69A1E1-E93B-4C45-B71B-7FBFE18EC56B}.Release|x64.ActiveCfg = Release|x64
		{DB69A1E1-E93B-4C45-B71B-7FBFE18EC56B}.Release|x64.Build.0 = Release|x64
		{DB69A1E1-E93B-4C45-B71B-7FBFE18EC56B}.Release|x86.ActiveCfg = Release|Win32
		{DB69A1E1-E93B-4C45-B71B-7FBFE18EC56B}.Release|x86.Build.0 = Release|Win32
		{E946697F-FA09-44A0-BE3A-796CB57B530D}.Debug|x64.ActiveCfg = Debug|x64
		{E946697F-FA09-44A0-BE3A-796CB57B530D}.Debug|x64.Build.0 = Debug|x64
		{E946697F-FA09-44A0-BE3A-796CB57B530D}.Debug|x86.ActiveCfg = Debug|Win32
		{E946697F-FA09-44A0-BE3A-796CB57B530D}.Debug|x86.Build.0 = Debug|Win32
		{E946697F-FA09-44A0-BE3A-796CB57B530D}.Release|x64.ActiveCfg = Release|x64
		{E946697F-FA09-44A0-BE3A-796CB57B530D}.Release|x64.Build.0 = Release|x64
		{E946697F-FA09-44A0-BE3A-796CB57B530D}.Release|x86.ActiveCfg = Release|Win32
		{E946697F-FA09-44A0-BE3A-796CB57B530D}.Release|x86.Build.0 = Release|Win32
		{D7119E1B-4CE1-468E-9270-0063E004AA3A}.Debug|x64.ActiveCfg = Debug|x64
		{D7119E1B-4CE1-468E-9270-0063E004AA3A}.Debug|x64.Build.0 = Debug|x64
		{D7119E1B-4CE1-468E-9270-0063E004AA3A}.Debug|x86.ActiveCfg = Debug|Win32
		{D7119E1B-4CE1-468E-9270-0063E004AA3A}.Debug|x86.Build.0 = Debug|Win32
		{D7119E1B-4CE1-468E-9270-0063E004AA3A}.Release|x64.ActiveCfg = Release|x64
		{D7119E1B-4CE1-468E-9270-0063E004AA3A}.Release|x64.Build.0 = Release|x64
		{D7119E1B-4CE1-468E-9270-0063E004AA3A}.Release|x86.ActiveCfg = Release|Win32
		{D7119E1B-4CE1-468E-9270-0063E004AA3A}.Release|x86.Build.0 = Release|Win32
		{361D0A93-8FDA-4DED-8C1E-2AC16C5BC1C7}.Debug|x64.ActiveCfg = Debug|x64
		{361D0A93-8FDA-4DED-8C1E-2AC16C5BC1C7}.Debug|x64.Build.0 = Debug|x64
		{361D0A93-8FDA-4DED-8C1E-2AC16C5BC1C7}.Debug|x86.ActiveCfg = Debug|Win32
		{361D0A93-8FDA-4DED-8C1E-2AC16C5BC1C7}.Debug|x86.Build.0 = Debug|Win32
		{361D0A93-8FDA-4DED-8C1E-2AC16C5BC1C7}.Release|x64.ActiveCfg = Release|x64
		{361D0A93-8FDA-4DED-8C1E-2AC16C5BC1C7}.Release|x64.Build.0 = Release|x64
		{361D0A93-8FDA-4DED-8C1E-2AC16C5BC1C7}.Release|x86.ActiveCfg = Release|Win32
		{361D0A93-8FDA-4DED-8C1E-2AC16C5BC1C7}.Release|x86.Build.0 = Release|Win32
		{08C97B3C-55FB-4567-A91A-033208049284}.Debug|x64.ActiveCfg = Debug|x64
		{08C97B3C-55FB-4567-A91A-033208049284}.Debug|x64.Build.0 = Debug|x64
		{08C97B3C-55FB-4567-A91A-033208049284}.Debug|x86.ActiveCfg = Debug|Win32
		{08C97B3C-55FB-4567-A91A-033208049284}.Debug|x86.Build.0 = Debug|Win32
		{08C97B3C-55FB-4567-A91A-033208049284}.Release|x64.ActiveCfg = Release|x64
		{08C97B3C-55FB-4567-A91A-033208049284}.Release|x64.Build.0 = Release|x64
		{08C97B3C-55FB-4567-A91A-033208049284}.Release|x86.ActiveCfg = Release|Win32
		{08C97B3C-55FB-4567-A91A-033208049284}.Release|x86.Build.0 = Release|Win32
		{1C46478D-1B84-4063-8D04-D0ED33E749B3}.Debug|x64.ActiveCfg = Debug|x64
		{1C46478D-1B84-4063-8D04-D0ED33E749B3}.Debug|x64.Build.0 = Debug|x64
		{1C46478D-1B84-4063-8D04-D0ED33E749B3}.Debug|x86.ActiveCfg = Debug|Win32
		{1C46478D-1B84-4063-8D04-D0ED33E749B3}.Debug|x86.Build.0 = Debug|Win32
		{1C46478D-1B84-4063-8D04-D0ED33E749B3}.Release|x64.ActiveCfg = Release|x64
		{1C46478D-1B84-4063-8D04-D0ED33E749B3}.Release|x64.Build.0 = Release|x64
		{1C46478D-1B84-4063-8D04-D0ED33E749B3}.Release|x86.ActiveCfg = Release|Win32
		{1C46478D-1B84-4063-8D04-D0ED33E749B3}.Release|x86.Build.0 = Release|Win32
		{E99596BE-77FE-4B53-8E2E-801FA71D250A}.Debug|x64.ActiveCfg = Debug|x64
		{E99596BE-77FE-4B53-8E2E-801FA71D250A}.Debug|x64.Build.0 = Debug|x64
		{E99596BE-77FE-4B53-8E2E-801FA71D250A}.Debug|x86.ActiveCfg = Debug|Win32
		{E99596BE-77FE-4B53-8E2E-801FA71D250A}.Debug|x86.Build.0 = Debug|Win32
		{E99596BE-77FE-4B53-8E2E-801FA71D250A}.Release|x64.ActiveCfg = Release|x64
		{E99596BE-77FE-4B53-8E2E-801FA71D250A}.Release|x64.Build.0 = Release|x64
		{E99596BE-77FE-4B53-8E2E-801FA71D250A}.Release|x86.ActiveCfg = Release|Win32
		{E99596BE-77FE-4B53-8E2E-801FA71D250A}.Release|x86.Build.0 = Release|Win32
		{24120951-64B6-4789-9BC1-C94CEB3A9B5C}.Debug|x64.ActiveCfg = Debug|x64
		{24120951-64B6-4789-9BC1-C94CEB3A9B5C}.Debug|x64.Build.0 = Debug|x64
		{24120951-64B6-4789-9BC1-C94CEB3A9B5C}.Debug|x86.ActiveCfg = Debug|Win32
		{24120951-64B6-4789-9BC1-C94CEB3A9B5C}.Debug|x86.Build.0 = Debug|Win32
		{24120951-64B6-4789-9BC1-C94CEB3A9B5C}.Release|x64.ActiveCfg = Release|x64
		{24120951-64B6-4789-9BC1-C94CEB3A9B5C}.Release|x64.Build.0 = Release|x64
		{24120951-64B6-4789-9BC1-C94CEB3A9B5C}.Release|x86.ActiveCfg = Release|Win32
		{24120951-64B6-4789-9BC1-C94CEB3A9B5C}.Release|x86.Build.0 = Release|Win32
		{7E71AB70-2980-4DB1-BB9C-E3AC0C40D719}.Debug|x64.ActiveCfg = Debug|x64
		{7E71AB70-2980-4DB1-BB9C-E3AC0C40D719}.Debug|x64.Build.0 = Debug|x64
		{7E71AB70-2980-4DB1-BB9C-E3AC0C40D719}.Debug|x86.ActiveCfg = Debug|Win32
		{7E71AB70-2980-4DB1-BB9C-E3AC0C40D719}.Debug|x86.Build.0 = Debug|Win32
		{7E71AB70-2980-4DB1-BB9C-E3AC0C40D719}.Release|x64.ActiveCfg = Release|x64
		{7E71AB70-2980-4DB1-BB9C-E3AC0C40D719}.Release|x64.Build.0 = Release|x64
		{7E71AB70-2980-4DB1-BB9C-E3AC0C40D719}.Release|x86.ActiveCfg = Release|Win32
		{7E71AB70-2980-4DB1-BB9C-E3AC0C40D719}.Release|x86.Build.0 = Release|Win32
		{16DF6E6D-E150-4B71-8677-3D4C296595AA}.Debug|x64.ActiveCfg = Debug|x64
		{16DF6E6D-E150-4B71-8677-3D4C296595AA}.Debug|x64.Build.0 = Debug|x64
		{16DF6E6D-E150-4B71-8677-3D4C296595AA}.Debug|x86.ActiveCfg = Debug|Win32
		{16DF6E6D-E150-4B71-8677-3D4C296595AA}.Debug|x86.Build.0 = Debug|Win32
		{16DF6E6D-E150-4B71-8677-3D4C296595AA}.Release|x64.ActiveCfg = Release|x64
		{16DF6E6D-E150-4B71-8677-3D4C296595AA}.Release|x64.Build.0 = Release|x64
		{16DF6E6D-E150-4B71-8677-3D4C296595AA}.Release|x86.ActiveCfg = Release|Win32
		{16DF6E6D-E150-4B71-8677-3D4C296595AA}.Release|x86.Build.0 = Release|Win32
		{DF8DC0A6-C997-4E57-AEA7-0FECABE98837}.Debug|x64.ActiveCfg = Debug|x64
		{DF8DC0A6-C997-4E57-AEA7-0FECABE98837}.Debug|x64.Build.0 = Debug|x64
		{DF8DC0A6-C997-4E57-AEA7-0FECABE98837}.Debug|x86.ActiveCfg = Debug|Win32
		{DF8DC0A6-C997-4E57-AEA7-0FECABE98837}.Debug|x86.Build.0 = Debug|Win32
		{DF8DC0A6-C997-4E57-AEA7-0FECABE98837}.Release|x64.ActiveCfg = Release|x64
		{DF8DC0A6-C997-4E57-AEA7-0FECABE98837}.Release|x64.Build.0 = Release|x64
		{DF8DC0A6-C997-4E57-AEA7-0FECABE98837}.Release|x86.ActiveCfg = Release|Win32
		{DF8DC0A6-C997-4E57-AEA7-0FECABE98837}.Release|x86.Build.0 = Release|Win32
		{ED3521AB-5DFA-41AE-B080-8F82CBD09942}.Debug|x64.ActiveCfg = Debug|x64
		{ED3521AB-5DFA-41AE-B080-8F82CBD09942}.Debug|x64.Build.0 = Debug|x64
		{ED3521AB-5DFA-41AE-B080-8F82CBD09942}.Debug|x86.ActiveCfg = Debug|Win32
		{ED3521AB-5DFA-41AE-B080-8F82CBD09942}.Debug|x86.Build.0 = Debug|Win32
		{ED3521AB-5DFA-41AE-B080-8F82CBD09942}.Release|x64.ActiveCfg = Release|x64
		{ED3521AB-5DFA-41AE-B080-8F82CBD09942}.Release|x64.Build.0 = Release|x64
		{ED3521AB-5DFA-41AE-B080-8F82CBD09942}.Release|x86.ActiveCfg = Release|Win32
		{ED3521AB-5DFA-41AE-B080-8F82CBD09942}.Release|x86.Build.0 = Release|Win32
		{6EF1764A-8C8B-47D4-880D-A4E4609591E2}.Debug|x64.ActiveCfg = Debug|x64
		{6EF1764A-8C8B-47D4-880D-A4E4609591E2}.Debug|x64.Build.0 = Debug|x64
		{6EF1764A-8C8B-47D4-880D-A4E4609591E2}.Debug|x86.ActiveCfg = Debug|Win32
		{6EF1764A-8C8B-47D4-880D-A4E4609591E2}.Debug|x86.Build.0 = Debug|Win32
		{6EF1764A-8C8B-47D4-880D-A4E4609591E2}.Release|x64.ActiveCfg = Release|x64
		{6EF1764A-8C8B-47D4-880D-A4E4609591E2}.Release|x64.Build.0 = Release|x64
		{6EF1764A-8C8B-47D4-880D-A4E4609591E2}.Release|x86.ActiveCfg = Release|Win32
		{6EF1764A-8C8B-47D4-880D-A4E4609591E2}.Release|x86.Build.0 = Release|Win32
		{20B5C3CA-2DB5-4BA2-92F6-774CE47F42AF}.Debug|x64.ActiveCfg = Debug|x64
		{20B5C3CA-2DB5-4BA2-92F6-774CE47F42AF}.Debug|x64.Build.0 = Debug|x64
		{20B5C3CA-2DB5-4BA2-92F6-774CE47F42AF}.Debug|x86.ActiveCfg = Debug|Win32
		{20B5C3CA-2DB5-4BA2-92F6-774CE47F42AF}.Debug|x86.Build.0 = Debug|Win32
		{20B5C3CA-2DB5-4BA2-92F6-774CE47F42AF}.Release|x64.ActiveCfg = Release|x64
		{20B5C3CA-2DB5-4BA2-92F6-774CE47F42AF}.Release|x64.Build.0 = Release|x64
		{20B5C3CA-2DB5-4BA2-92F6-774CE47F42AF}.Release|x86.ActiveCfg = Release|Win32
		{20B5C3CA-2DB5-4BA2-92F6-774CE47F42AF}.Release|x86.Build.0 = Release|Win32
		{A68F5110-84A5-426C-B9AE-130C479A0C37}.Debug|x64.ActiveCfg = Debug|x64
		{A68F5110-84A5-426C-B9AE-130C479A0C37}.Debug|x64.Build.0 = Debug|x64
		{A68F5110-84A5-426C-B9AE-130C479A0C37}.Debug|x86.ActiveCfg = Debug|Win32
		{A68F5110-84A5-426C-B9AE-130C479A0C37}.Debug|x86.Build.0 = Debug|Win32
		{A68F5110-84A5-426C-B9AE-130C479A0C37}.Release|x64.ActiveCfg = Release|x64
		{A68F5110-84A5-426C-B9AE-130C479A0C37}.Release|x64.Build.0 = Release|x64
		{A68F5110-84A5-426C-B9AE-130C479A0C37}.Release|x86.ActiveCfg = Release|Win32
		{A68F5110-84A5-426C-B9AE-130C479A0C37}.Release|x86.Build.0 = Release|Win32
		{7A57F462-BFF6-4677-80C4-3249FA37F1ED}.Debug|x64.ActiveCfg = Debug|x64
		{7A57F462-BFF6-4677-80C4-3249FA37F1ED}.Debug|x64.Build.0 = Debug|x64
		{7A57F462-BFF6-4677-80C4-3249FA37F1ED}.Debug|x86.ActiveCfg = Debug|Win32
		{7A57F462-BFF6-4677-80C4-3249FA37F1ED}.Debug|x86.Build.0 = Debug|Win32
		{7A57F462-BFF6-4677-80C4-3249FA37F1ED}.Release|x64.ActiveCfg = Release|x64
		{7A57F462-BFF6-4677-80C4-3249FA37F1ED}.Release|x64.Build.0 = Release|x64
		{7A57F462-BFF6-4677-80C4-3249FA37F1ED}.Release|x86.ActiveCfg = Release|Win32
		{7A57F462-BFF6-4677-80C4-3249FA37F1ED}.Release|x86.Build.0 = Release|Win32
		{84AE2D8F-5C52-4F1A-8CC0-AB344B375195}.Debug|x64.ActiveCfg = Debug|x64
		{84AE2D8F-5C52-4F1A-8CC0-AB344B375195}.Debug|x64.Build.0 = Debug|x64
		{84AE2D8F-5C52-4F1A-8CC0-AB344B375195}.Debug|x86.ActiveCfg = Debug|Win32
		{84AE2D8F-5C52-4F1A-8CC0-AB344B375195}.Debug|x86.Build.0 = Debug|Win32
		{84AE2D8F-5C52-4F1A-8CC0-AB344B375195}.Release|x64.ActiveCfg = Release|x64
		{84AE2D8F-5C52-4F1A-8CC0-AB344B375195}.Release|x64.Build.0 = Release|x64
		{84AE2D8F-5C52-4F1A-8CC0-AB344B375195}.Release|x86.ActiveCfg = Release|Win32
		{84AE2D8F-5C52-4F1A-8CC0-AB344B375195}.Release|x86.Build.0 = Release|Win32
		{86AC0606-0E27-40CB-BF64-70CB67619C3C}.Debug|x64.ActiveCfg = Debug|x64
		{86AC0606-0E27-40CB-BF64-70CB67619C3C}.Debug|x64.Build.0 = Debug|x64
		{86AC0606-0E27-40CB-BF64-70CB67619C3C}.Debug|x86.ActiveCfg = Debug|Win32
		{86AC0606-0E27-40CB-BF64-70CB67619C3C}.Debug|x86.Build.0 = Debug|Win32
		{86AC0606-0E27-40CB-BF64-70CB67619C3C}.Release|x64.ActiveCfg = Release|x64
		{86AC0606-0E27-40CB-BF64-70CB67619C3C}.Release|x64.Build.0 = Release|x64
		{86AC0606-0E27-40CB-BF64-70CB67619C3C}.Release|x86.ActiveCfg = Release|Win32
		{86AC0606-0E27-40CB-BF64-70CB67619C3C}.Release|x86.Build.0 = Release|Win32
	EndGlobalSection
	GlobalSection(SolutionProperties) = preSolution
		HideSolutionNode = FALSE
	EndGlobalSection
	GlobalSection(ExtensibilityGlobals) = postSolution
		SolutionGuid = {5F0664D0-2ABD-4A39-9A32-8E5435CC919D}
	EndGlobalSection
EndGlobal
