
Microsoft Visual Studio Solution File, Format Version 12.00
# Visual Studio Version 17
VisualStudioVersion = 17.8.34511.84
MinimumVisualStudioVersion = 10.0.40219.1
Project("{8BC9CEB8-8B4A-11D0-8D11-00A0C91BC942}") = "FPT", "FPT\FPT.vcxproj", "{9EEA3C61-A26D-4C6D-AA15-8381A20A4D41}"
EndProject
Project("{8BC9CEB8-8B4A-11D0-8D11-00A0C91BC942}") = "Bai2", "Bai2\Bai2.vcxproj", "{8738D211-ACEF-42B5-AC33-C66F8FC9E258}"
EndProject
Project("{8BC9CEB8-8B4A-11D0-8D11-00A0C91BC942}") = "Bai3", "Bai3\Bai3.vcxproj", "{C8465CF3-4EBD-4E87-9588-154F0AD2AAD2}"
EndProject
Global
	GlobalSection(SolutionConfigurationPlatforms) = preSolution
		Debug|x64 = Debug|x64
		Debug|x86 = Debug|x86
		Release|x64 = Release|x64
		Release|x86 = Release|x86
	EndGlobalSection
	GlobalSection(ProjectConfigurationPlatforms) = postSolution
		{9EEA3C61-A26D-4C6D-AA15-8381A20A4D41}.Debug|x64.ActiveCfg = Debug|x64
		{9EEA3C61-A26D-4C6D-AA15-8381A20A4D41}.Debug|x64.Build.0 = Debug|x64
		{9EEA3C61-A26D-4C6D-AA15-8381A20A4D41}.Debug|x86.ActiveCfg = Debug|Win32
		{9EEA3C61-A26D-4C6D-AA15-8381A20A4D41}.Debug|x86.Build.0 = Debug|Win32
		{9EEA3C61-A26D-4C6D-AA15-8381A20A4D41}.Release|x64.ActiveCfg = Release|x64
		{9EEA3C61-A26D-4C6D-AA15-8381A20A4D41}.Release|x64.Build.0 = Release|x64
		{9EEA3C61-A26D-4C6D-AA15-8381A20A4D41}.Release|x86.ActiveCfg = Release|Win32
		{9EEA3C61-A26D-4C6D-AA15-8381A20A4D41}.Release|x86.Build.0 = Release|Win32
		{8738D211-ACEF-42B5-AC33-C66F8FC9E258}.Debug|x64.ActiveCfg = Debug|x64
		{8738D211-ACEF-42B5-AC33-C66F8FC9E258}.Debug|x64.Build.0 = Debug|x64
		{8738D211-ACEF-42B5-AC33-C66F8FC9E258}.Debug|x86.ActiveCfg = Debug|Win32
		{8738D211-ACEF-42B5-AC33-C66F8FC9E258}.Debug|x86.Build.0 = Debug|Win32
		{8738D211-ACEF-42B5-AC33-C66F8FC9E258}.Release|x64.ActiveCfg = Release|x64
		{8738D211-ACEF-42B5-AC33-C66F8FC9E258}.Release|x64.Build.0 = Release|x64
		{8738D211-ACEF-42B5-AC33-C66F8FC9E258}.Release|x86.ActiveCfg = Release|Win32
		{8738D211-ACEF-42B5-AC33-C66F8FC9E258}.Release|x86.Build.0 = Release|Win32
		{C8465CF3-4EBD-4E87-9588-154F0AD2AAD2}.Debug|x64.ActiveCfg = Debug|x64
		{C8465CF3-4EBD-4E87-9588-154F0AD2AAD2}.Debug|x64.Build.0 = Debug|x64
		{C8465CF3-4EBD-4E87-9588-154F0AD2AAD2}.Debug|x86.ActiveCfg = Debug|Win32
		{C8465CF3-4EBD-4E87-9588-154F0AD2AAD2}.Debug|x86.Build.0 = Debug|Win32
		{C8465CF3-4EBD-4E87-9588-154F0AD2AAD2}.Release|x64.ActiveCfg = Release|x64
		{C8465CF3-4EBD-4E87-9588-154F0AD2AAD2}.Release|x64.Build.0 = Release|x64
		{C8465CF3-4EBD-4E87-9588-154F0AD2AAD2}.Release|x86.ActiveCfg = Release|Win32
		{C8465CF3-4EBD-4E87-9588-154F0AD2AAD2}.Release|x86.Build.0 = Release|Win32
	EndGlobalSection
	GlobalSection(SolutionProperties) = preSolution
		HideSolutionNode = FALSE
	EndGlobalSection
	GlobalSection(ExtensibilityGlobals) = postSolution
		SolutionGuid = {38F5F626-9ABF-4D5D-AC2F-470CEF18A3DE}
	EndGlobalSection
EndGlobal
